
Microsoft Visual Studio Solution File, Format Version 12.00
# Visual Studio 15
VisualStudioVersion = 15.0.28307.168
MinimumVisualStudioVersion = 10.0.40219.1
Project("{9A19103F-16F7-4668-BE54-9A1E7A4F7556}") = "SmartHotel.MixedReality.Api", "SmartHotel.MixedReality.Api.csproj", "{9D888885-7BC5-4FF4-B69C-F9312E29588D}"
EndProject
Project("{FAE04EC0-301F-11D3-BF4B-00C04F79EFBC}") = "SmartHotel.MixedReality.Api.Tests", "..\SmartHotel.MixedReality.Api.Tests\SmartHotel.MixedReality.Api.Tests.csproj", "{3BF3FB9B-7715-4ED3-85F0-875263F9EC84}"
EndProject
Global
	GlobalSection(SolutionConfigurationPlatforms) = preSolution
		Debug|Any CPU = Debug|Any CPU
		Release|Any CPU = Release|Any CPU
	EndGlobalSection
	GlobalSection(ProjectConfigurationPlatforms) = postSolution
		{9D888885-7BC5-4FF4-B69C-F9312E29588D}.Debug|Any CPU.ActiveCfg = Debug|Any CPU
		{9D888885-7BC5-4FF4-B69C-F9312E29588D}.Debug|Any CPU.Build.0 = Debug|Any CPU
		{9D888885-7BC5-4FF4-B69C-F9312E29588D}.Release|Any CPU.ActiveCfg = Release|Any CPU
		{9D888885-7BC5-4FF4-B69C-F9312E29588D}.Release|Any CPU.Build.0 = Release|Any CPU
		{3BF3FB9B-7715-4ED3-85F0-875263F9EC84}.Debug|Any CPU.ActiveCfg = Debug|Any CPU
		{3BF3FB9B-7715-4ED3-85F0-875263F9EC84}.Debug|Any CPU.Build.0 = Debug|Any CPU
		{3BF3FB9B-7715-4ED3-85F0-875263F9EC84}.Release|Any CPU.ActiveCfg = Release|Any CPU
		{3BF3FB9B-7715-4ED3-85F0-875263F9EC84}.Release|Any CPU.Build.0 = Release|Any CPU
	EndGlobalSection
	GlobalSection(SolutionProperties) = preSolution
		HideSolutionNode = FALSE
	EndGlobalSection
	GlobalSection(ExtensibilityGlobals) = postSolution
		SolutionGuid = {F3129084-F905-43B0-BA15-C9593593938B}
	EndGlobalSection
EndGlobal
